// !$*UTF8*$!
{
	archiveVersion = 1;
	classes = {
	};
	objectVersion = 50;
	objects = {

/* Begin PBXBuildFile section */
		F837A174225E37C000629379 /* AppDelegate.swift in Sources */ = {isa = PBXBuildFile; fileRef = F837A173225E37C000629379 /* AppDelegate.swift */; };
		F837A176225E37C000629379 /* ViewController.swift in Sources */ = {isa = PBXBuildFile; fileRef = F837A175225E37C000629379 /* ViewController.swift */; };
		F837A179225E37C000629379 /* Main.storyboard in Resources */ = {isa = PBXBuildFile; fileRef = F837A177225E37C000629379 /* Main.storyboard */; };
		F837A17B225E37C100629379 /* Assets.xcassets in Resources */ = {isa = PBXBuildFile; fileRef = F837A17A225E37C100629379 /* Assets.xcassets */; };
		F837A17E225E37C100629379 /* LaunchScreen.storyboard in Resources */ = {isa = PBXBuildFile; fileRef = F837A17C225E37C100629379 /* LaunchScreen.storyboard */; };
		F837A189225E37C100629379 /* JRSkeletonTests.swift in Sources */ = {isa = PBXBuildFile; fileRef = F837A188225E37C100629379 /* JRSkeletonTests.swift */; };
		F837A194225E3B1800629379 /* README.md in Resources */ = {isa = PBXBuildFile; fileRef = F837A193225E3B1800629379 /* README.md */; };
		F837A197225F12D500629379 /* Skeleton.swift in Sources */ = {isa = PBXBuildFile; fileRef = F837A196225F12D500629379 /* Skeleton.swift */; };
/* End PBXBuildFile section */

/* Begin PBXContainerItemProxy section */
		F837A185225E37C100629379 /* PBXContainerItemProxy */ = {
			isa = PBXContainerItemProxy;
			containerPortal = F837A168225E37C000629379 /* Project object */;
			proxyType = 1;
			remoteGlobalIDString = F837A16F225E37C000629379;
			remoteInfo = JRSkeleton;
		};
/* End PBXContainerItemProxy section */

/* Begin PBXFileReference section */
		F837A170225E37C000629379 /* JRSkeleton.app */ = {isa = PBXFileReference; explicitFileType = wrapper.application; includeInIndex = 0; path = JRSkeleton.app; sourceTree = BUILT_PRODUCTS_DIR; };
		F837A173225E37C000629379 /* AppDelegate.swift */ = {isa = PBXFileReference; lastKnownFileType = sourcecode.swift; path = AppDelegate.swift; sourceTree = "<group>"; };
		F837A175225E37C000629379 /* ViewController.swift */ = {isa = PBXFileReference; lastKnownFileType = sourcecode.swift; path = ViewController.swift; sourceTree = "<group>"; };
		F837A178225E37C000629379 /* Base */ = {isa = PBXFileReference; lastKnownFileType = file.storyboard; name = Base; path = Base.lproj/Main.storyboard; sourceTree = "<group>"; };
		F837A17A225E37C100629379 /* Assets.xcassets */ = {isa = PBXFileReference; lastKnownFileType = folder.assetcatalog; path = Assets.xcassets; sourceTree = "<group>"; };
		F837A17D225E37C100629379 /* Base */ = {isa = PBXFileReference; lastKnownFileType = file.storyboard; name = Base; path = Base.lproj/LaunchScreen.storyboard; sourceTree = "<group>"; };
		F837A17F225E37C100629379 /* Info.plist */ = {isa = PBXFileReference; lastKnownFileType = text.plist.xml; path = Info.plist; sourceTree = "<group>"; };
		F837A184225E37C100629379 /* JRSkeletonTests.xctest */ = {isa = PBXFileReference; explicitFileType = wrapper.cfbundle; includeInIndex = 0; path = JRSkeletonTests.xctest; sourceTree = BUILT_PRODUCTS_DIR; };
		F837A188225E37C100629379 /* JRSkeletonTests.swift */ = {isa = PBXFileReference; lastKnownFileType = sourcecode.swift; path = JRSkeletonTests.swift; sourceTree = "<group>"; };
		F837A18A225E37C100629379 /* Info.plist */ = {isa = PBXFileReference; lastKnownFileType = text.plist.xml; path = Info.plist; sourceTree = "<group>"; };
		F837A193225E3B1800629379 /* README.md */ = {isa = PBXFileReference; lastKnownFileType = net.daringfireball.markdown; path = README.md; sourceTree = "<group>"; };
		F837A196225F12D500629379 /* Skeleton.swift */ = {isa = PBXFileReference; lastKnownFileType = sourcecode.swift; path = Skeleton.swift; sourceTree = "<group>"; };
/* End PBXFileReference section */

/* Begin PBXFrameworksBuildPhase section */
		F837A16D225E37C000629379 /* Frameworks */ = {
			isa = PBXFrameworksBuildPhase;
			buildActionMask = 2147483647;
			files = (
			);
			runOnlyForDeploymentPostprocessing = 0;
		};
		F837A181225E37C100629379 /* Frameworks */ = {
			isa = PBXFrameworksBuildPhase;
			buildActionMask = 2147483647;
			files = (
			);
			runOnlyForDeploymentPostprocessing = 0;
		};
/* End PBXFrameworksBuildPhase section */

/* Begin PBXGroup section */
		F837A167225E37C000629379 = {
			isa = PBXGroup;
			children = (
				F837A172225E37C000629379 /* JRSkeleton */,
				F837A187225E37C100629379 /* JRSkeletonTests */,
				F837A171225E37C000629379 /* Products */,
			);
			sourceTree = "<group>";
		};
		F837A171225E37C000629379 /* Products */ = {
			isa = PBXGroup;
			children = (
				F837A170225E37C000629379 /* JRSkeleton.app */,
				F837A184225E37C100629379 /* JRSkeletonTests.xctest */,
			);
			name = Products;
			sourceTree = "<group>";
		};
		F837A172225E37C000629379 /* JRSkeleton */ = {
			isa = PBXGroup;
			children = (
				F837A173225E37C000629379 /* AppDelegate.swift */,
				F837A175225E37C000629379 /* ViewController.swift */,
				F837A177225E37C000629379 /* Main.storyboard */,
				F837A17A225E37C100629379 /* Assets.xcassets */,
				F837A17C225E37C100629379 /* LaunchScreen.storyboard */,
				F837A17F225E37C100629379 /* Info.plist */,
				F837A193225E3B1800629379 /* README.md */,
				F837A196225F12D500629379 /* Skeleton.swift */,
			);
			path = JRSkeleton;
			sourceTree = "<group>";
		};
		F837A187225E37C100629379 /* JRSkeletonTests */ = {
			isa = PBXGroup;
			children = (
				F837A188225E37C100629379 /* JRSkeletonTests.swift */,
				F837A18A225E37C100629379 /* Info.plist */,
			);
			path = JRSkeletonTests;
			sourceTree = "<group>";
		};
/* End PBXGroup section */

/* Begin PBXNativeTarget section */
		F837A16F225E37C000629379 /* JRSkeleton */ = {
			isa = PBXNativeTarget;
			buildConfigurationList = F837A18D225E37C100629379 /* Build configuration list for PBXNativeTarget "JRSkeleton" */;
			buildPhases = (
				F837A16C225E37C000629379 /* Sources */,
				F837A16D225E37C000629379 /* Frameworks */,
				F837A16E225E37C000629379 /* Resources */,
			);
			buildRules = (
			);
			dependencies = (
			);
			name = JRSkeleton;
			productName = JRSkeleton;
			productReference = F837A170225E37C000629379 /* JRSkeleton.app */;
			productType = "com.apple.product-type.application";
		};
		F837A183225E37C100629379 /* JRSkeletonTests */ = {
			isa = PBXNativeTarget;
			buildConfigurationList = F837A190225E37C100629379 /* Build configuration list for PBXNativeTarget "JRSkeletonTests" */;
			buildPhases = (
				F837A180225E37C100629379 /* Sources */,
				F837A181225E37C100629379 /* Frameworks */,
				F837A182225E37C100629379 /* Resources */,
			);
			buildRules = (
			);
			dependencies = (
				F837A186225E37C100629379 /* PBXTargetDependency */,
			);
			name = JRSkeletonTests;
			productName = JRSkeletonTests;
			productReference = F837A184225E37C100629379 /* JRSkeletonTests.xctest */;
			productType = "com.apple.product-type.bundle.unit-test";
		};
/* End PBXNativeTarget section */

/* Begin PBXProject section */
		F837A168225E37C000629379 /* Project object */ = {
			isa = PBXProject;
			attributes = {
				LastSwiftUpdateCheck = 1020;
				LastUpgradeCheck = 1020;
				ORGANIZATIONNAME = Touchware;
				TargetAttributes = {
					F837A16F225E37C000629379 = {
						CreatedOnToolsVersion = 10.2;
					};
					F837A183225E37C100629379 = {
						CreatedOnToolsVersion = 10.2;
						TestTargetID = F837A16F225E37C000629379;
					};
				};
			};
			buildConfigurationList = F837A16B225E37C000629379 /* Build configuration list for PBXProject "JRSkeleton" */;
			compatibilityVersion = "Xcode 9.3";
			developmentRegion = en;
			hasScannedForEncodings = 0;
			knownRegions = (
				en,
				Base,
			);
			mainGroup = F837A167225E37C000629379;
			productRefGroup = F837A171225E37C000629379 /* Products */;
			projectDirPath = "";
			projectRoot = "";
			targets = (
				F837A16F225E37C000629379 /* JRSkeleton */,
				F837A183225E37C100629379 /* JRSkeletonTests */,
			);
		};
/* End PBXProject section */

/* Begin PBXResourcesBuildPhase section */
		F837A16E225E37C000629379 /* Resources */ = {
			isa = PBXResourcesBuildPhase;
			buildActionMask = 2147483647;
			files = (
				F837A17E225E37C100629379 /* LaunchScreen.storyboard in Resources */,
				F837A17B225E37C100629379 /* Assets.xcassets in Resources */,
				F837A194225E3B1800629379 /* README.md in Resources */,
				F837A179225E37C000629379 /* Main.storyboard in Resources */,
			);
			runOnlyForDeploymentPostprocessing = 0;
		};
		F837A182225E37C100629379 /* Resources */ = {
			isa = PBXResourcesBuildPhase;
			buildActionMask = 2147483647;
			files = (
			);
			runOnlyForDeploymentPostprocessing = 0;
		};
/* End PBXResourcesBuildPhase section */

/* Begin PBXSourcesBuildPhase section */
		F837A16C225E37C000629379 /* Sources */ = {
			isa = PBXSourcesBuildPhase;
			buildActionMask = 2147483647;
			files = (
				F837A197225F12D500629379 /* Skeleton.swift in Sources */,
				F837A176225E37C000629379 /* ViewController.swift in Sources */,
				F837A174225E37C000629379 /* AppDelegate.swift in Sources */,
			);
			runOnlyForDeploymentPostprocessing = 0;
		};
		F837A180225E37C100629379 /* Sources */ = {
			isa = PBXSourcesBuildPhase;
			buildActionMask = 2147483647;
			files = (
				F837A189225E37C100629379 /* JRSkeletonTests.swift in Sources */,
			);
			runOnlyForDeploymentPostprocessing = 0;
		};
/* End PBXSourcesBuildPhase section */

/* Begin PBXTargetDependency section */
		F837A186225E37C100629379 /* PBXTargetDependency */ = {
			isa = PBXTargetDependency;
			target = F837A16F225E37C000629379 /* JRSkeleton */;
			targetProxy = F837A185225E37C100629379 /* PBXContainerItemProxy */;
		};
/* End PBXTargetDependency section */

/* Begin PBXVariantGroup section */
		F837A177225E37C000629379 /* Main.storyboard */ = {
			isa = PBXVariantGroup;
			children = (
				F837A178225E37C000629379 /* Base */,
			);
			name = Main.storyboard;
			sourceTree = "<group>";
		};
		F837A17C225E37C100629379 /* LaunchScreen.storyboard */ = {
			isa = PBXVariantGroup;
			children = (
				F837A17D225E37C100629379 /* Base */,
			);
			name = LaunchScreen.storyboard;
			sourceTree = "<group>";
		};
/* End PBXVariantGroup section */

/* Begin XCBuildConfiguration section */
		F837A18B225E37C100629379 /* Debug */ = {
			isa = XCBuildConfiguration;
			buildSettings = {
				ALWAYS_SEARCH_USER_PATHS = NO;
				CLANG_ANALYZER_NONNULL = YES;
				CLANG_ANALYZER_NUMBER_OBJECT_CONVERSION = YES_AGGRESSIVE;
				CLANG_CXX_LANGUAGE_STANDARD = "gnu++14";
				CLANG_CXX_LIBRARY = "libc++";
				CLANG_ENABLE_MODULES = YES;
				CLANG_ENABLE_OBJC_ARC = YES;
				CLANG_ENABLE_OBJC_WEAK = YES;
				CLANG_WARN_BLOCK_CAPTURE_AUTORELEASING = YES;
				CLANG_WARN_BOOL_CONVERSION = YES;
				CLANG_WARN_COMMA = YES;
				CLANG_WARN_CONSTANT_CONVERSION = YES;
				CLANG_WARN_DEPRECATED_OBJC_IMPLEMENTATIONS = YES;
				CLANG_WARN_DIRECT_OBJC_ISA_USAGE = YES_ERROR;
				CLANG_WARN_DOCUMENTATION_COMMENTS = YES;
				CLANG_WARN_EMPTY_BODY = YES;
				CLANG_WARN_ENUM_CONVERSION = YES;
				CLANG_WARN_INFINITE_RECURSION = YES;
				CLANG_WARN_INT_CONVERSION = YES;
				CLANG_WARN_NON_LITERAL_NULL_CONVERSION = YES;
				CLANG_WARN_OBJC_IMPLICIT_RETAIN_SELF = YES;
				CLANG_WARN_OBJC_LITERAL_CONVERSION = YES;
				CLANG_WARN_OBJC_ROOT_CLASS = YES_ERROR;
				CLANG_WARN_RANGE_LOOP_ANALYSIS = YES;
				CLANG_WARN_STRICT_PROTOTYPES = YES;
				CLANG_WARN_SUSPICIOUS_MOVE = YES;
				CLANG_WARN_UNGUARDED_AVAILABILITY = YES_AGGRESSIVE;
				CLANG_WARN_UNREACHABLE_CODE = YES;
				CLANG_WARN__DUPLICATE_METHOD_MATCH = YES;
				CODE_SIGN_IDENTITY = "iPhone Developer";
				COPY_PHASE_STRIP = NO;
				DEBUG_INFORMATION_FORMAT = dwarf;
				ENABLE_STRICT_OBJC_MSGSEND = YES;
				ENABLE_TESTABILITY = YES;
				GCC_C_LANGUAGE_STANDARD = gnu11;
				GCC_DYNAMIC_NO_PIC = NO;
				GCC_NO_COMMON_BLOCKS = YES;
				GCC_OPTIMIZATION_LEVEL = 0;
				GCC_PREPROCESSOR_DEFINITIONS = (
					"DEBUG=1",
					"$(inherited)",
				);
				GCC_WARN_64_TO_32_BIT_CONVERSION = YES;
				GCC_WARN_ABOUT_RETURN_TYPE = YES_ERROR;
				GCC_WARN_UNDECLARED_SELECTOR = YES;
				GCC_WARN_UNINITIALIZED_AUTOS = YES_AGGRESSIVE;
				GCC_WARN_UNUSED_FUNCTION = YES;
				GCC_WARN_UNUSED_VARIABLE = YES;
				IPHONEOS_DEPLOYMENT_TARGET = 12.2;
				MTL_ENABLE_DEBUG_INFO = INCLUDE_SOURCE;
				MTL_FAST_MATH = YES;
				ONLY_ACTIVE_ARCH = YES;
				SDKROOT = iphoneos;
				SWIFT_ACTIVE_COMPILATION_CONDITIONS = DEBUG;
				SWIFT_OPTIMIZATION_LEVEL = "-Onone";
			};
			name = Debug;
		};
		F837A18C225E37C100629379 /* Release */ = {
			isa = XCBuildConfiguration;
			buildSettings = {
				ALWAYS_SEARCH_USER_PATHS = NO;
				CLANG_ANALYZER_NONNULL = YES;
				CLANG_ANALYZER_NUMBER_OBJECT_CONVERSION = YES_AGGRESSIVE;
				CLANG_CXX_LANGUAGE_STANDARD = "gnu++14";
				CLANG_CXX_LIBRARY = "libc++";
				CLANG_ENABLE_MODULES = YES;
				CLANG_ENABLE_OBJC_ARC = YES;
				CLANG_ENABLE_OBJC_WEAK = YES;
				CLANG_WARN_BLOCK_CAPTURE_AUTORELEASING = YES;
				CLANG_WARN_BOOL_CONVERSION = YES;
				CLANG_WARN_COMMA = YES;
				CLANG_WARN_CONSTANT_CONVERSION = YES;
				CLANG_WARN_DEPRECATED_OBJC_IMPLEMENTATIONS = YES;
				CLANG_WARN_DIRECT_OBJC_ISA_USAGE = YES_ERROR;
				CLANG_WARN_DOCUMENTATION_COMMENTS = YES;
				CLANG_WARN_EMPTY_BODY = YES;
				CLANG_WARN_ENUM_CONVERSION = YES;
				CLANG_WARN_INFINITE_RECURSION = YES;
				CLANG_WARN_INT_CONVERSION = YES;
				CLANG_WARN_NON_LITERAL_NULL_CONVERSION = YES;
				CLANG_WARN_OBJC_IMPLICIT_RETAIN_SELF = YES;
				CLANG_WARN_OBJC_LITERAL_CONVERSION = YES;
				CLANG_WARN_OBJC_ROOT_CLASS = YES_ERROR;
				CLANG_WARN_RANGE_LOOP_ANALYSIS = YES;
				CLANG_WARN_STRICT_PROTOTYPES = YES;
				CLANG_WARN_SUSPICIOUS_MOVE = YES;
				CLANG_WARN_UNGUARDED_AVAILABILITY = YES_AGGRESSIVE;
				CLANG_WARN_UNREACHABLE_CODE = YES;
				CLANG_WARN__DUPLICATE_METHOD_MATCH = YES;
				CODE_SIGN_IDENTITY = "iPhone Developer";
				COPY_PHASE_STRIP = NO;
				DEBUG_INFORMATION_FORMAT = "dwarf-with-dsym";
				ENABLE_NS_ASSERTIONS = NO;
				ENABLE_STRICT_OBJC_MSGSEND = YES;
				GCC_C_LANGUAGE_STANDARD = gnu11;
				GCC_NO_COMMON_BLOCKS = YES;
				GCC_WARN_64_TO_32_BIT_CONVERSION = YES;
				GCC_WARN_ABOUT_RETURN_TYPE = YES_ERROR;
				GCC_WARN_UNDECLARED_SELECTOR = YES;
				GCC_WARN_UNINITIALIZED_AUTOS = YES_AGGRESSIVE;
				GCC_WARN_UNUSED_FUNCTION = YES;
				GCC_WARN_UNUSED_VARIABLE = YES;
				IPHONEOS_DEPLOYMENT_TARGET = 12.2;
				MTL_ENABLE_DEBUG_INFO = NO;
				MTL_FAST_MATH = YES;
				SDKROOT = iphoneos;
				SWIFT_COMPILATION_MODE = wholemodule;
				SWIFT_OPTIMIZATION_LEVEL = "-O";
				VALIDATE_PRODUCT = YES;
			};
			name = Release;
		};
		F837A18E225E37C100629379 /* Debug */ = {
			isa = XCBuildConfiguration;
			buildSettings = {
				ASSETCATALOG_COMPILER_APPICON_NAME = AppIcon;
				CODE_SIGN_STYLE = Automatic;
				DEVELOPMENT_TEAM = 6G282Y878A;
				INFOPLIST_FILE = JRSkeleton/Info.plist;
				LD_RUNPATH_SEARCH_PATHS = (
					"$(inherited)",
					"@executable_path/Frameworks",
				);
				PRODUCT_BUNDLE_IDENTIFIER = com.jrbordet.JRSkeleton;
				PRODUCT_NAME = "$(TARGET_NAME)";
				SWIFT_VERSION = 5.0;
				TARGETED_DEVICE_FAMILY = "1,2";
			};
			name = Debug;
		};
		F837A18F225E37C100629379 /* Release */ = {
			isa = XCBuildConfiguration;
			buildSettings = {
				ASSETCATALOG_COMPILER_APPICON_NAME = AppIcon;
				CODE_SIGN_STYLE = Automatic;
				DEVELOPMENT_TEAM = 6G282Y878A;
				INFOPLIST_FILE = JRSkeleton/Info.plist;
				LD_RUNPATH_SEARCH_PATHS = (
					"$(inherited)",
					"@executable_path/Frameworks",
				);
				PRODUCT_BUNDLE_IDENTIFIER = com.jrbordet.JRSkeleton;
				PRODUCT_NAME = "$(TARGET_NAME)";
				SWIFT_VERSION = 5.0;
				TARGETED_DEVICE_FAMILY = "1,2";
			};
			name = Release;
		};
		F837A191225E37C100629379 /* Debug */ = {
			isa = XCBuildConfiguration;
			buildSettings = {
				ALWAYS_EMBED_SWIFT_STANDARD_LIBRARIES = YES;
				BUNDLE_LOADER = "$(TEST_HOST)";
				CODE_SIGN_STYLE = Automatic;
				DEVELOPMENT_TEAM = 6G282Y878A;
				INFOPLIST_FILE = JRSkeletonTests/Info.plist;
				LD_RUNPATH_SEARCH_PATHS = (
					"$(inherited)",
					"@executable_path/Frameworks",
					"@loader_path/Frameworks",
				);
				PRODUCT_BUNDLE_IDENTIFIER = com.jrbordet.JRSkeletonTests;
				PRODUCT_NAME = "$(TARGET_NAME)";
				SWIFT_VERSION = 5.0;
				TARGETED_DEVICE_FAMILY = "1,2";
				TEST_HOST = "$(BUILT_PRODUCTS_DIR)/JRSkeleton.app/JRSkeleton";
			};
			name = Debug;
		};
		F837A192225E37C100629379 /* Release */ = {
			isa = XCBuildConfiguration;
			buildSettings = {
				ALWAYS_EMBED_SWIFT_STANDARD_LIBRARIES = YES;
				BUNDLE_LOADER = "$(TEST_HOST)";
				CODE_SIGN_STYLE = Automatic;
				DEVELOPMENT_TEAM = 6G282Y878A;
				INFOPLIST_FILE = JRSkeletonTests/Info.plist;
				LD_RUNPATH_SEARCH_PATHS = (
					"$(inherited)",
					"@executable_path/Frameworks",
					"@loader_path/Frameworks",
				);
				PRODUCT_BUNDLE_IDENTIFIER = com.jrbordet.JRSkeletonTests;
				PRODUCT_NAME = "$(TARGET_NAME)";
				SWIFT_VERSION = 5.0;
				TARGETED_DEVICE_FAMILY = "1,2";
				TEST_HOST = "$(BUILT_PRODUCTS_DIR)/JRSkeleton.app/JRSkeleton";
			};
			name = Release;
		};
/* End XCBuildConfiguration section */

/* Begin XCConfigurationList section */
		F837A16B225E37C000629379 /* Build configuration list for PBXProject "JRSkeleton" */ = {
			isa = XCConfigurationList;
			buildConfigurations = (
				F837A18B225E37C100629379 /* Debug */,
				F837A18C225E37C100629379 /* Release */,
			);
			defaultConfigurationIsVisible = 0;
			defaultConfigurationName = Release;
		};
		F837A18D225E37C100629379 /* Build configuration list for PBXNativeTarget "JRSkeleton" */ = {
			isa = XCConfigurationList;
			buildConfigurations = (
				F837A18E225E37C100629379 /* Debug */,
				F837A18F225E37C100629379 /* Release */,
			);
			defaultConfigurationIsVisible = 0;
			defaultConfigurationName = Release;
		};
		F837A190225E37C100629379 /* Build configuration list for PBXNativeTarget "JRSkeletonTests" */ = {
			isa = XCConfigurationList;
			buildConfigurations = (
				F837A191225E37C100629379 /* Debug */,
				F837A192225E37C100629379 /* Release */,
			);
			defaultConfigurationIsVisible = 0;
			defaultConfigurationName = Release;
		};
/* End XCConfigurationList section */
	};
	rootObject = F837A168225E37C000629379 /* Project object */;
}
